{
  "name": "codefest",
  "lockfileVersion": 2,
  "requires": true,
  "packages": {
    "": {
      "dependencies": {
        "@expo-google-fonts/alegreya-sans": "^0.2.2"
      }
    },
    "node_modules/@expo-google-fonts/alegreya-sans": {
      "version": "0.2.2",
      "resolved": "https://registry.npmjs.org/@expo-google-fonts/alegreya-sans/-/alegreya-sans-0.2.2.tgz",
      "integrity": "sha512-rhEUJsIRfp9ixLWbytvuSNWrciSeXn7ob0cu12ow1vgk2mluGlYcN5cMnVBYNCrW6IYihTE4yEa7RVKBWkRxKQ=="
    }
  },
  "dependencies": {
    "@expo-google-fonts/alegreya-sans": {
      "version": "0.2.2",
      "resolved": "https://registry.npmjs.org/@expo-google-fonts/alegreya-sans/-/alegreya-sans-0.2.2.tgz",
      "integrity": "sha512-rhEUJsIRfp9ixLWbytvuSNWrciSeXn7ob0cu12ow1vgk2mluGlYcN5cMnVBYNCrW6IYihTE4yEa7RVKBWkRxKQ=="
    }
  }
}
